
Microsoft Visual Studio Solution File, Format Version 9.00
# Visual Studio 2005
Project("{FAE04EC0-301F-11D3-BF4B-00C04F79EFBC}") = "Modbus", "Modbus\Modbus.csproj", "{FF96B252-2B24-44A1-A09C-6401B5D7ED23}"
	ProjectSection(WebsiteProperties) = preProject
		Debug.AspNetCompiler.Debug = "True"
		Release.AspNetCompiler.Debug = "False"
	EndProjectSection
EndProject
Project("{FAE04EC0-301F-11D3-BF4B-00C04F79EFBC}") = "Modbus.IntegrationTests", "Modbus.IntegrationTests\Modbus.IntegrationTests.csproj", "{1AA055F2-68E1-409F-A744-6081D7A27A57}"
	ProjectSection(WebsiteProperties) = preProject
		Debug.AspNetCompiler.Debug = "True"
		Release.AspNetCompiler.Debug = "False"
	EndProjectSection
EndProject
Project("{FAE04EC0-301F-11D3-BF4B-00C04F79EFBC}") = "Modbus.UnitTests", "Modbus.UnitTests\Modbus.UnitTests.csproj", "{A3A86846-316D-4A49-AEF8-C5348826A499}"
	ProjectSection(WebsiteProperties) = preProject
		Debug.AspNetCompiler.Debug = "True"
		Release.AspNetCompiler.Debug = "False"
	EndProjectSection
EndProject
Project("{2150E333-8FDC-42A3-9474-1A3956D46DE8}") = "Solution Items", "Solution Items", "{CE831CEE-3E35-4F34-84D7-1BB29247459A}"
	ProjectSection(WebsiteProperties) = preProject
		Debug.AspNetCompiler.Debug = "True"
		Release.AspNetCompiler.Debug = "False"
	EndProjectSection
	ProjectSection(SolutionItems) = preProject
		..\NModbus.build = ..\NModbus.build
		..\README.txt = ..\README.txt
		..\tools\jamod\SerialSlave.java = ..\tools\jamod\SerialSlave.java
		..\tools\jamod\TcpSlave.java = ..\tools\jamod\TcpSlave.java
	EndProjectSection
EndProject
Project("{FAE04EC0-301F-11D3-BF4B-00C04F79EFBC}") = "MySample", "MySample\MySample.csproj", "{72FA8AB6-CE77-4578-8202-0DD32264783E}"
	ProjectSection(WebsiteProperties) = preProject
		Debug.AspNetCompiler.Debug = "True"
		Release.AspNetCompiler.Debug = "False"
	EndProjectSection
EndProject
Global
	GlobalSection(SolutionConfigurationPlatforms) = preSolution
		Debug|Any CPU = Debug|Any CPU
		Release|Any CPU = Release|Any CPU
	EndGlobalSection
	GlobalSection(ProjectConfigurationPlatforms) = postSolution
		{FF96B252-2B24-44A1-A09C-6401B5D7ED23}.Debug|Any CPU.ActiveCfg = Debug|Any CPU
		{FF96B252-2B24-44A1-A09C-6401B5D7ED23}.Debug|Any CPU.Build.0 = Debug|Any CPU
		{FF96B252-2B24-44A1-A09C-6401B5D7ED23}.Release|Any CPU.ActiveCfg = Release|Any CPU
		{FF96B252-2B24-44A1-A09C-6401B5D7ED23}.Release|Any CPU.Build.0 = Release|Any CPU
		{1AA055F2-68E1-409F-A744-6081D7A27A57}.Debug|Any CPU.ActiveCfg = Debug|Any CPU
		{1AA055F2-68E1-409F-A744-6081D7A27A57}.Debug|Any CPU.Build.0 = Debug|Any CPU
		{1AA055F2-68E1-409F-A744-6081D7A27A57}.Release|Any CPU.ActiveCfg = Release|Any CPU
		{1AA055F2-68E1-409F-A744-6081D7A27A57}.Release|Any CPU.Build.0 = Release|Any CPU
		{A3A86846-316D-4A49-AEF8-C5348826A499}.Debug|Any CPU.ActiveCfg = Debug|Any CPU
		{A3A86846-316D-4A49-AEF8-C5348826A499}.Debug|Any CPU.Build.0 = Debug|Any CPU
		{A3A86846-316D-4A49-AEF8-C5348826A499}.Release|Any CPU.ActiveCfg = Release|Any CPU
		{A3A86846-316D-4A49-AEF8-C5348826A499}.Release|Any CPU.Build.0 = Release|Any CPU
		{72FA8AB6-CE77-4578-8202-0DD32264783E}.Debug|Any CPU.ActiveCfg = Debug|Any CPU
		{72FA8AB6-CE77-4578-8202-0DD32264783E}.Debug|Any CPU.Build.0 = Debug|Any CPU
		{72FA8AB6-CE77-4578-8202-0DD32264783E}.Release|Any CPU.ActiveCfg = Release|Any CPU
		{72FA8AB6-CE77-4578-8202-0DD32264783E}.Release|Any CPU.Build.0 = Release|Any CPU
	EndGlobalSection
	GlobalSection(SolutionProperties) = preSolution
		HideSolutionNode = FALSE
	EndGlobalSection
	GlobalSection(ExtensibilityGlobals) = postSolution
		VisualSVNWorkingCopyRoot = ..
	EndGlobalSection
EndGlobal
